
Microsoft Visual Studio Solution File, Format Version 12.00
# Visual Studio Version 17
VisualStudioVersion = 17.1.31911.260
MinimumVisualStudioVersion = 10.0.40219.1
Project("{9A19103F-16F7-4668-BE54-9A1E7A4F7556}") = "Patterns.HeadFirst.Command", "Patterns.HeadFirst.Command\Patterns.HeadFirst.Command.csproj", "{57F45B03-354A-413D-9C4A-A0797B59E7D8}"
EndProject
Project("{FAE04EC0-301F-11D3-BF4B-00C04F79EFBC}") = "Patterns.HeadFirst.Adapter", "Patterns.HeadFirst.Adapter\Patterns.HeadFirst.Adapter.csproj", "{101FB7D7-EE09-4B12-AA64-2095D0D22767}"
EndProject
Project("{FAE04EC0-301F-11D3-BF4B-00C04F79EFBC}") = "Patterns.HeadFirst.Composite", "Patterns.HeadFirst.Composite\Patterns.HeadFirst.Composite.csproj", "{8FB51CD6-7F8D-4A76-B6C8-88A46619E3D8}"
EndProject
Project("{FAE04EC0-301F-11D3-BF4B-00C04F79EFBC}") = "Patterns.HeadFirst.Singleton", "Patterns.HeadFirst.Singleton\Patterns.HeadFirst.Singleton.csproj", "{331A808C-E958-49A9-A829-D006ECB83075}"
EndProject
Project("{FAE04EC0-301F-11D3-BF4B-00C04F79EFBC}") = "Patterns.HeadFirst.Proxy", "Patterns.HeadFirst.Proxy\Patterns.HeadFirst.Proxy.csproj", "{6944934C-06E0-442F-BD24-733DAE8EADD2}"
EndProject
Project("{FAE04EC0-301F-11D3-BF4B-00C04F79EFBC}") = "Patterns.HeadFirst.Observer", "Patterns.HeadFirst.Observer\Patterns.HeadFirst.Observer.csproj", "{B15F8E90-4BDE-4209-8DEF-077D456859A5}"
EndProject
Project("{FAE04EC0-301F-11D3-BF4B-00C04F79EFBC}") = "Patterns.HeadFirst.Decorator", "Patterns.HeadFirst.Decorator\Patterns.HeadFirst.Decorator.csproj", "{332861E0-5FB3-43AA-8EBC-D2C6E1E4C0E3}"
EndProject
Project("{FAE04EC0-301F-11D3-BF4B-00C04F79EFBC}") = "Patterns.HeadFirst.FactoryAndAbstractFactory", "Patterns.HeadFirst.FactoryAndAbstractFactory\Patterns.HeadFirst.FactoryAndAbstractFactory.csproj", "{F218E2DA-D438-4D84-B31E-F9A547852589}"
EndProject
Project("{FAE04EC0-301F-11D3-BF4B-00C04F79EFBC}") = "Patterns.HeadFirst.State", "Patterns.HeadFirst.State\Patterns.HeadFirst.State.csproj", "{47679243-FCB2-40ED-A197-158C1912D1BC}"
EndProject
Project("{FAE04EC0-301F-11D3-BF4B-00C04F79EFBC}") = "Patterns.HeadFirst.Builder", "Patterns.HeadFirst.Builder\Patterns.HeadFirst.Builder.csproj", "{687D8A4A-DFD9-4792-BDD2-81098B1EB462}"
EndProject
Project("{FAE04EC0-301F-11D3-BF4B-00C04F79EFBC}") = "Patterns.HeadFirst.Template", "Patterns.HeadFirst.Template\Patterns.HeadFirst.Template.csproj", "{7984C125-C49E-4F8F-ABAD-8D763200DD5F}"
EndProject
Project("{2150E333-8FDC-42A3-9474-1A3956D46DE8}") = "Creational", "Creational", "{7FE55D07-9099-4971-8612-72DCDEB300D7}"
EndProject
Project("{2150E333-8FDC-42A3-9474-1A3956D46DE8}") = "Structural", "Structural", "{5314A861-06D7-4322-BE6B-5E706D51493B}"
EndProject
Project("{2150E333-8FDC-42A3-9474-1A3956D46DE8}") = "Behavioral", "Behavioral", "{75B0076E-04E6-4FDA-8A50-2FAA1316058F}"
EndProject
Project("{FAE04EC0-301F-11D3-BF4B-00C04F79EFBC}") = "Patterns.HeadFirst.Strategy", "Patterns.HeadFirst.Strategy\Patterns.HeadFirst.Strategy.csproj", "{754DE6B5-A30E-428D-B57A-9B8CB367CA83}"
EndProject
Project("{FAE04EC0-301F-11D3-BF4B-00C04F79EFBC}") = "Patterns.HeadFirst.Iterator", "Patterns.HeadFirst.Iterator\Patterns.HeadFirst.Iterator.csproj", "{097D5143-B9F5-4793-9A1E-A4002CFCE5EE}"
EndProject
Global
	GlobalSection(SolutionConfigurationPlatforms) = preSolution
		Debug|Any CPU = Debug|Any CPU
		Release|Any CPU = Release|Any CPU
	EndGlobalSection
	GlobalSection(ProjectConfigurationPlatforms) = postSolution
		{57F45B03-354A-413D-9C4A-A0797B59E7D8}.Debug|Any CPU.ActiveCfg = Debug|Any CPU
		{57F45B03-354A-413D-9C4A-A0797B59E7D8}.Debug|Any CPU.Build.0 = Debug|Any CPU
		{57F45B03-354A-413D-9C4A-A0797B59E7D8}.Release|Any CPU.ActiveCfg = Release|Any CPU
		{57F45B03-354A-413D-9C4A-A0797B59E7D8}.Release|Any CPU.Build.0 = Release|Any CPU
		{101FB7D7-EE09-4B12-AA64-2095D0D22767}.Debug|Any CPU.ActiveCfg = Debug|Any CPU
		{101FB7D7-EE09-4B12-AA64-2095D0D22767}.Debug|Any CPU.Build.0 = Debug|Any CPU
		{101FB7D7-EE09-4B12-AA64-2095D0D22767}.Release|Any CPU.ActiveCfg = Release|Any CPU
		{101FB7D7-EE09-4B12-AA64-2095D0D22767}.Release|Any CPU.Build.0 = Release|Any CPU
		{8FB51CD6-7F8D-4A76-B6C8-88A46619E3D8}.Debug|Any CPU.ActiveCfg = Debug|Any CPU
		{8FB51CD6-7F8D-4A76-B6C8-88A46619E3D8}.Debug|Any CPU.Build.0 = Debug|Any CPU
		{8FB51CD6-7F8D-4A76-B6C8-88A46619E3D8}.Release|Any CPU.ActiveCfg = Release|Any CPU
		{8FB51CD6-7F8D-4A76-B6C8-88A46619E3D8}.Release|Any CPU.Build.0 = Release|Any CPU
		{331A808C-E958-49A9-A829-D006ECB83075}.Debug|Any CPU.ActiveCfg = Debug|Any CPU
		{331A808C-E958-49A9-A829-D006ECB83075}.Debug|Any CPU.Build.0 = Debug|Any CPU
		{331A808C-E958-49A9-A829-D006ECB83075}.Release|Any CPU.ActiveCfg = Release|Any CPU
		{331A808C-E958-49A9-A829-D006ECB83075}.Release|Any CPU.Build.0 = Release|Any CPU
		{6944934C-06E0-442F-BD24-733DAE8EADD2}.Debug|Any CPU.ActiveCfg = Debug|Any CPU
		{6944934C-06E0-442F-BD24-733DAE8EADD2}.Debug|Any CPU.Build.0 = Debug|Any CPU
		{6944934C-06E0-442F-BD24-733DAE8EADD2}.Release|Any CPU.ActiveCfg = Release|Any CPU
		{6944934C-06E0-442F-BD24-733DAE8EADD2}.Release|Any CPU.Build.0 = Release|Any CPU
		{B15F8E90-4BDE-4209-8DEF-077D456859A5}.Debug|Any CPU.ActiveCfg = Debug|Any CPU
		{B15F8E90-4BDE-4209-8DEF-077D456859A5}.Debug|Any CPU.Build.0 = Debug|Any CPU
		{B15F8E90-4BDE-4209-8DEF-077D456859A5}.Release|Any CPU.ActiveCfg = Release|Any CPU
		{B15F8E90-4BDE-4209-8DEF-077D456859A5}.Release|Any CPU.Build.0 = Release|Any CPU
		{332861E0-5FB3-43AA-8EBC-D2C6E1E4C0E3}.Debug|Any CPU.ActiveCfg = Debug|Any CPU
		{332861E0-5FB3-43AA-8EBC-D2C6E1E4C0E3}.Debug|Any CPU.Build.0 = Debug|Any CPU
		{332861E0-5FB3-43AA-8EBC-D2C6E1E4C0E3}.Release|Any CPU.ActiveCfg = Release|Any CPU
		{332861E0-5FB3-43AA-8EBC-D2C6E1E4C0E3}.Release|Any CPU.Build.0 = Release|Any CPU
		{F218E2DA-D438-4D84-B31E-F9A547852589}.Debug|Any CPU.ActiveCfg = Debug|Any CPU
		{F218E2DA-D438-4D84-B31E-F9A547852589}.Debug|Any CPU.Build.0 = Debug|Any CPU
		{F218E2DA-D438-4D84-B31E-F9A547852589}.Release|Any CPU.ActiveCfg = Release|Any CPU
		{F218E2DA-D438-4D84-B31E-F9A547852589}.Release|Any CPU.Build.0 = Release|Any CPU
		{47679243-FCB2-40ED-A197-158C1912D1BC}.Debug|Any CPU.ActiveCfg = Debug|Any CPU
		{47679243-FCB2-40ED-A197-158C1912D1BC}.Debug|Any CPU.Build.0 = Debug|Any CPU
		{47679243-FCB2-40ED-A197-158C1912D1BC}.Release|Any CPU.ActiveCfg = Release|Any CPU
		{47679243-FCB2-40ED-A197-158C1912D1BC}.Release|Any CPU.Build.0 = Release|Any CPU
		{687D8A4A-DFD9-4792-BDD2-81098B1EB462}.Debug|Any CPU.ActiveCfg = Debug|Any CPU
		{687D8A4A-DFD9-4792-BDD2-81098B1EB462}.Debug|Any CPU.Build.0 = Debug|Any CPU
		{687D8A4A-DFD9-4792-BDD2-81098B1EB462}.Release|Any CPU.ActiveCfg = Release|Any CPU
		{687D8A4A-DFD9-4792-BDD2-81098B1EB462}.Release|Any CPU.Build.0 = Release|Any CPU
		{7984C125-C49E-4F8F-ABAD-8D763200DD5F}.Debug|Any CPU.ActiveCfg = Debug|Any CPU
		{7984C125-C49E-4F8F-ABAD-8D763200DD5F}.Debug|Any CPU.Build.0 = Debug|Any CPU
		{7984C125-C49E-4F8F-ABAD-8D763200DD5F}.Release|Any CPU.ActiveCfg = Release|Any CPU
		{7984C125-C49E-4F8F-ABAD-8D763200DD5F}.Release|Any CPU.Build.0 = Release|Any CPU
		{754DE6B5-A30E-428D-B57A-9B8CB367CA83}.Debug|Any CPU.ActiveCfg = Debug|Any CPU
		{754DE6B5-A30E-428D-B57A-9B8CB367CA83}.Debug|Any CPU.Build.0 = Debug|Any CPU
		{754DE6B5-A30E-428D-B57A-9B8CB367CA83}.Release|Any CPU.ActiveCfg = Release|Any CPU
		{754DE6B5-A30E-428D-B57A-9B8CB367CA83}.Release|Any CPU.Build.0 = Release|Any CPU
		{097D5143-B9F5-4793-9A1E-A4002CFCE5EE}.Debug|Any CPU.ActiveCfg = Debug|Any CPU
		{097D5143-B9F5-4793-9A1E-A4002CFCE5EE}.Debug|Any CPU.Build.0 = Debug|Any CPU
		{097D5143-B9F5-4793-9A1E-A4002CFCE5EE}.Release|Any CPU.ActiveCfg = Release|Any CPU
		{097D5143-B9F5-4793-9A1E-A4002CFCE5EE}.Release|Any CPU.Build.0 = Release|Any CPU
	EndGlobalSection
	GlobalSection(SolutionProperties) = preSolution
		HideSolutionNode = FALSE
	EndGlobalSection
	GlobalSection(ExtensibilityGlobals) = postSolution
		SolutionGuid = {850AC90B-DFE2-4AAB-ADD0-4A170624D15E}
	EndGlobalSection
	GlobalSection(NestedProjects) = preSolution
		{331A808C-E958-49A9-A829-D006ECB83075} = {7FE55D07-9099-4971-8612-72DCDEB300D7}
		{F218E2DA-D438-4D84-B31E-F9A547852589} = {7FE55D07-9099-4971-8612-72DCDEB300D7}
		{687D8A4A-DFD9-4792-BDD2-81098B1EB462} = {7FE55D07-9099-4971-8612-72DCDEB300D7}
		{101FB7D7-EE09-4B12-AA64-2095D0D22767} = {5314A861-06D7-4322-BE6B-5E706D51493B}
		{8FB51CD6-7F8D-4A76-B6C8-88A46619E3D8} = {5314A861-06D7-4322-BE6B-5E706D51493B}
		{6944934C-06E0-442F-BD24-733DAE8EADD2} = {5314A861-06D7-4322-BE6B-5E706D51493B}
		{332861E0-5FB3-43AA-8EBC-D2C6E1E4C0E3} = {5314A861-06D7-4322-BE6B-5E706D51493B}
		{7984C125-C49E-4F8F-ABAD-8D763200DD5F} = {75B0076E-04E6-4FDA-8A50-2FAA1316058F}
		{B15F8E90-4BDE-4209-8DEF-077D456859A5} = {75B0076E-04E6-4FDA-8A50-2FAA1316058F}
		{57F45B03-354A-413D-9C4A-A0797B59E7D8} = {75B0076E-04E6-4FDA-8A50-2FAA1316058F}
		{47679243-FCB2-40ED-A197-158C1912D1BC} = {75B0076E-04E6-4FDA-8A50-2FAA1316058F}
		{754DE6B5-A30E-428D-B57A-9B8CB367CA83} = {75B0076E-04E6-4FDA-8A50-2FAA1316058F}
		{097D5143-B9F5-4793-9A1E-A4002CFCE5EE} = {75B0076E-04E6-4FDA-8A50-2FAA1316058F}
	EndGlobalSection
EndGlobal
